
Microsoft Visual Studio Solution File, Format Version 12.00
# Visual Studio Version 17
VisualStudioVersion = 17.14.36221.1 d17.14
MinimumVisualStudioVersion = 10.0.40219.1
Project("{FAE04EC0-301F-11D3-BF4B-00C04F79EFBC}") = "chemmylemmy", "chemmylemmy\chemmylemmy.csproj", "{02E8299B-1580-4E92-AFDC-16629511BA1F}"
EndProject
Global
	GlobalSection(SolutionConfigurationPlatforms) = preSolution
		Debug|Any CPU = Debug|Any CPU
		Release|Any CPU = Release|Any CPU
	EndGlobalSection
	GlobalSection(ProjectConfigurationPlatforms) = postSolution
		{02E8299B-1580-4E92-AFDC-16629511BA1F}.Debug|Any CPU.ActiveCfg = Debug|Any CPU
		{02E8299B-1580-4E92-AFDC-16629511BA1F}.Debug|Any CPU.Build.0 = Debug|Any CPU
		{02E8299B-1580-4E92-AFDC-16629511BA1F}.Release|Any CPU.ActiveCfg = Release|Any CPU
		{02E8299B-1580-4E92-AFDC-16629511BA1F}.Release|Any CPU.Build.0 = Release|Any CPU
	EndGlobalSection
	GlobalSection(SolutionProperties) = preSolution
		HideSolutionNode = FALSE
	EndGlobalSection
	GlobalSection(ExtensibilityGlobals) = postSolution
		SolutionGuid = {7B0AA44A-B4A5-4CE5-9810-000D20E6A22E}
	EndGlobalSection
EndGlobal
